{
  "name": "@enbiso/ngrx-route",
  "version": "0.0.1",
  "lockfileVersion": 1,
  "requires": true,
  "dependencies": {
    "@ngrx/router-store": {
      "version": "12.4.0",
      "resolved": "https://registry.npmjs.org/@ngrx/router-store/-/router-store-12.4.0.tgz",
      "integrity": "sha512-X+EVdB98F9bn+1wFq7oxJW2eTV2c69D0J6Aw/X6Axph6Ntb/8JUWcOkUw7T6CWon8f6gJxa5hNJwPLU66sPyxw==",
      "requires": {
        "tslib": "^2.0.0"
      },
      "dependencies": {
        "tslib": {
          "version": "2.3.1",
          "resolved": "https://registry.npmjs.org/tslib/-/tslib-2.3.1.tgz",
          "integrity": "sha512-77EbyPPpMz+FRFRuAFlWMtmgUWGe9UOG2Z25NqCwiIjRhOf5iKGuzSe5P2w1laq+FkRy4p+PCuVkJSGkzTEKVw=="
        }
      }
    },
    "@ngrx/store": {
      "version": "12.4.0",
      "resolved": "https://registry.npmjs.org/@ngrx/store/-/store-12.4.0.tgz",
      "integrity": "sha512-+kC2Ro2BmsxghHQhq4u+9HGE4BPy739werimspuqz37yUG1G3CdxMp0wuoD2M5371spUTFsXOtjKzpifOYbWbg==",
      "requires": {
        "tslib": "^2.0.0"
      },
      "dependencies": {
        "tslib": {
          "version": "2.3.1",
          "resolved": "https://registry.npmjs.org/tslib/-/tslib-2.3.1.tgz",
          "integrity": "sha512-77EbyPPpMz+FRFRuAFlWMtmgUWGe9UOG2Z25NqCwiIjRhOf5iKGuzSe5P2w1laq+FkRy4p+PCuVkJSGkzTEKVw=="
        }
      }
    }
  }
}
